{
  "originHash" : "2cf15cdb2884da23bffb4c972a50006cc88864cdef2e0369254b1cc86fdf3946",
  "pins" : [
    {
      "identity" : "libwebp-xcode",
      "kind" : "remoteSourceControl",
      "location" : "https://github.com/SDWebImage/libwebp-Xcode.git",
      "state" : {
        "revision" : "0d60654eeefd5d7d2bef3835804892c40225e8b2",
        "version" : "1.5.0"
      }
    },
    {
      "identity" : "purchases-ios-spm",
      "kind" : "remoteSourceControl",
      "location" : "https://github.com/RevenueCat/purchases-ios-spm.git",
      "state" : {
        "revision" : "68bfa02cf20d46ee13cc7c774d5548fb3759cc69",
        "version" : "5.81.3"
      }
    },
    {
      "identity" : "sdwebimage",
      "kind" : "remoteSourceControl",
      "location" : "https://github.com/SDWebImage/SDWebImage.git",
      "state" : {
        "revision" : "2de3a496eaf6df9a1312862adcfd54acd73c39c0",
        "version" : "5.21.7"
      }
    },
    {
      "identity" : "sdwebimagewebpcoder",
      "kind" : "remoteSourceControl",
      "location" : "https://github.com/SDWebImage/SDWebImageWebPCoder.git",
      "state" : {
        "revision" : "12d83edbcc795fb7b5c0c3cb74d739108d3357d2",
        "version" : "0.15.0"
      }
    }
  ],
  "version" : 3
}
